
Microsoft Visual Studio Solution File, Format Version 12.00
# Visual Studio Version 16
VisualStudioVersion = 16.0.32228.343
MinimumVisualStudioVersion = 10.0.40219.1
Project("{FAE04EC0-301F-11D3-BF4B-00C04F79EFBC}") = "KikanPrinter", "KikanPrinter\KikanPrinter.csproj", "{382F622B-728B-49ED-A18B-2B262C9C1D82}"
EndProject
Global
	GlobalSection(SolutionConfigurationPlatforms) = preSolution
		All|Any CPU = All|Any CPU
		All|x86 = All|x86
		Debug|Any CPU = Debug|Any CPU
		Debug|x86 = Debug|x86
		Release|Any CPU = Release|Any CPU
		Release|x86 = Release|x86
	EndGlobalSection
	GlobalSection(ProjectConfigurationPlatforms) = postSolution
		{382F622B-728B-49ED-A18B-2B262C9C1D82}.All|Any CPU.ActiveCfg = Release|Any CPU
		{382F622B-728B-49ED-A18B-2B262C9C1D82}.All|Any CPU.Build.0 = Release|Any CPU
		{382F622B-728B-49ED-A18B-2B262C9C1D82}.All|x86.ActiveCfg = Debug|Any CPU
		{382F622B-728B-49ED-A18B-2B262C9C1D82}.All|x86.Build.0 = Debug|Any CPU
		{382F622B-728B-49ED-A18B-2B262C9C1D82}.Debug|Any CPU.ActiveCfg = Debug|Any CPU
		{382F622B-728B-49ED-A18B-2B262C9C1D82}.Debug|Any CPU.Build.0 = Debug|Any CPU
		{382F622B-728B-49ED-A18B-2B262C9C1D82}.Debug|x86.ActiveCfg = Debug|Any CPU
		{382F622B-728B-49ED-A18B-2B262C9C1D82}.Debug|x86.Build.0 = Debug|Any CPU
		{382F622B-728B-49ED-A18B-2B262C9C1D82}.Release|Any CPU.ActiveCfg = Release|Any CPU
		{382F622B-728B-49ED-A18B-2B262C9C1D82}.Release|Any CPU.Build.0 = Release|Any CPU
		{382F622B-728B-49ED-A18B-2B262C9C1D82}.Release|x86.ActiveCfg = Release|Any CPU
		{382F622B-728B-49ED-A18B-2B262C9C1D82}.Release|x86.Build.0 = Release|Any CPU
	EndGlobalSection
	GlobalSection(SolutionProperties) = preSolution
		HideSolutionNode = FALSE
	EndGlobalSection
	GlobalSection(ExtensibilityGlobals) = postSolution
		SolutionGuid = {B41369AA-094C-4257-9E35-1E61ECF66691}
	EndGlobalSection
EndGlobal
